
Microsoft Visual Studio Solution File, Format Version 12.00
# Visual Studio Version 17
VisualStudioVersion = 17.5.002.0
MinimumVisualStudioVersion = 10.0.40219.1
Project("{9A19103F-16F7-4668-BE54-9A1E7A4F7556}") = "EletroCore", "EletroCore\EletroCore.csproj", "{C8191DAB-9D8D-4A50-8D61-9F422BF1CFD0}"
EndProject
Project("{9A19103F-16F7-4668-BE54-9A1E7A4F7556}") = "WinFormsView", "WinFormsView\WinFormsView.csproj", "{A7C5DAA8-842D-4DFB-B6EC-CE4B4AD0EB16}"
EndProject
Global
	GlobalSection(SolutionConfigurationPlatforms) = preSolution
		Debug|Any CPU = Debug|Any CPU
		Release|Any CPU = Release|Any CPU
	EndGlobalSection
	GlobalSection(ProjectConfigurationPlatforms) = postSolution
		{C8191DAB-9D8D-4A50-8D61-9F422BF1CFD0}.Debug|Any CPU.ActiveCfg = Debug|Any CPU
		{C8191DAB-9D8D-4A50-8D61-9F422BF1CFD0}.Debug|Any CPU.Build.0 = Debug|Any CPU
		{C8191DAB-9D8D-4A50-8D61-9F422BF1CFD0}.Release|Any CPU.ActiveCfg = Release|Any CPU
		{C8191DAB-9D8D-4A50-8D61-9F422BF1CFD0}.Release|Any CPU.Build.0 = Release|Any CPU
		{A7C5DAA8-842D-4DFB-B6EC-CE4B4AD0EB16}.Debug|Any CPU.ActiveCfg = Debug|Any CPU
		{A7C5DAA8-842D-4DFB-B6EC-CE4B4AD0EB16}.Debug|Any CPU.Build.0 = Debug|Any CPU
		{A7C5DAA8-842D-4DFB-B6EC-CE4B4AD0EB16}.Release|Any CPU.ActiveCfg = Release|Any CPU
		{A7C5DAA8-842D-4DFB-B6EC-CE4B4AD0EB16}.Release|Any CPU.Build.0 = Release|Any CPU
	EndGlobalSection
	GlobalSection(SolutionProperties) = preSolution
		HideSolutionNode = FALSE
	EndGlobalSection
	GlobalSection(ExtensibilityGlobals) = postSolution
		SolutionGuid = {D05470FC-6287-4B25-8A51-71D8B26F0EFE}
	EndGlobalSection
EndGlobal
